# This file is autogenerated, do not edit; changes may be undone by the next 'dep ensure'.


[[projects]]
  digest = "1:5b3b29ce0e569f62935d9541dff2e16cc09df981ebde48e82259076a73a3d0c7"
  name = "github.com/op/go-logging"
  packages = ["."]
  pruneopts = "UT"
  revision = "b2cb9fa56473e98db8caba80237377e83fe44db5"
  version = "v1"

[[projects]]
  branch = "master"
  digest = "1:afef53f0d6864ef2aacafe6116a039f7612b14bad395e5be24f49b9dd06ae822"
  name = "github.com/placer14/go-shell"
  packages = ["."]
  pruneopts = "UT"
  revision = "7757ae6578d717d345a67b775681ecd6b754cbff"

[solve-meta]
  analyzer-name = "dep"
  analyzer-version = 1
  input-imports = [
    "github.com/op/go-logging",
    "github.com/placer14/go-shell",
  ]
  solver-name = "gps-cdcl"
  solver-version = 1
